<?xml version="1.0" encoding="utf-8"?>
<Project ToolsVersion="4.0" xmlns="http://schemas.microsoft.com/developer/msbuild/2003">
  <ItemGroup>
    <Filter Include="src">
      <UniqueIdentifier>{5bd2092e-780f-4ff1-997c-343b913296c9}</UniqueIdentifier>
    </Filter>
    <Filter Include="src\windows">
      <UniqueIdentifier>{368453a5-f659-4089-a14c-87a2888607f5}</UniqueIdentifier>
    </Filter>
    <Filter Include="src\error">
      <UniqueIdentifier>{2e8f08e7-b091-4d78-8460-4ca7ebe443b3}</UniqueIdentifier>
    </Filter>
  </ItemGroup>
  <ItemGroup>
    <ClCompile Include="src\main_test.cpp">
      <Filter>src</Filter>
    </ClCompile>
    <ClCompile Include="src\error\error_test.cpp">
      <Filter>src\error</Filter>
    </ClCompile>
    <ClCompile Include="src\error\result_test.cpp">
      <Filter>src\error</Filter>
    </ClCompile>
  </ItemGroup>
  <ItemGroup>
    <None Include="packages.config" />
  </ItemGroup>
</Project>