<?xml version="1.0" encoding="utf-8"?>
<Project ToolsVersion="4.0" xmlns="http://schemas.microsoft.com/developer/msbuild/2003">
  <ItemGroup>
    <Filter Include="res">
      <UniqueIdentifier>{67DA6AB6-F800-4c08-8B7A-83BB121AAD01}</UniqueIdentifier>
      <Extensions>rc;ico;cur;bmp;dlg;rc2;rct;bin;rgs;gif;jpg;jpeg;jpe;resx;tiff;tif;png;wav;mfcribbon-ms</Extensions>
    </Filter>
    <Filter Include="src">
      <UniqueIdentifier>{4FC737F1-C7A5-4376-A066-2A32D752A2FF}</UniqueIdentifier>
      <Extensions>cpp;c;cc;cxx;c++;cppm;ixx;def;odl;idl;hpj;bat;asm;asmx</Extensions>
    </Filter>
    <Filter Include="include">
      <UniqueIdentifier>{93995380-89BD-4b04-88EB-625FBE52EBFB}</UniqueIdentifier>
      <Extensions>h;hh;hpp;hxx;h++;hm;inl;inc;ipp;xsd</Extensions>
    </Filter>
    <Filter Include="include\mwl">
      <UniqueIdentifier>{6fee1080-fdef-4c5a-a468-7eaebae5b506}</UniqueIdentifier>
    </Filter>
    <Filter Include="include\mwl\internal">
      <UniqueIdentifier>{d5e7c9a1-f2b4-4e8c-9d1e-3f5a7c9b0e2d}</UniqueIdentifier>
    </Filter>
    <Filter Include="src\status">
      <UniqueIdentifier>{b2d4f6a8-c3e5-4f7b-9d1f-2e4c6a8b0d3f}</UniqueIdentifier>
    </Filter>
    <Filter Include="include\mwl\status">
      <UniqueIdentifier>{a1c3e5f7-b2d4-4e6a-8c0e-1f3a5b7c9d2e}</UniqueIdentifier>
    </Filter>
  </ItemGroup>
  <ItemGroup>
    <ClInclude Include="include\mwl\internal\log.h">
      <Filter>include\mwl\internal</Filter>
    </ClInclude>
    <ClInclude Include="include\mwl\status\error.h">
      <Filter>include\mwl\status</Filter>
    </ClInclude>
    <ClInclude Include="include\mwl\status\result.h">
      <Filter>include\mwl\status</Filter>
    </ClInclude>
  </ItemGroup>
  <ItemGroup>
    <ClCompile Include="src\status\error.cpp">
      <Filter>src\status</Filter>
    </ClCompile>
  </ItemGroup>
</Project>